
Microsoft Visual Studio Solution File, Format Version 12.00
# Visual Studio Version 17
VisualStudioVersion = 17.8.34330.188
MinimumVisualStudioVersion = 10.0.40219.1
Project("{FAE04EC0-301F-11D3-BF4B-00C04F79EFBC}") = "Act 2 Tematica C# WF", "Act 2 Tematica C# WF\Act 2 Tematica C# WF.csproj", "{FC4C3508-4520-4CA3-BF36-F776FA827712}"
EndProject
Global
	GlobalSection(SolutionConfigurationPlatforms) = preSolution
		Debug|Any CPU = Debug|Any CPU
		Release|Any CPU = Release|Any CPU
	EndGlobalSection
	GlobalSection(ProjectConfigurationPlatforms) = postSolution
		{FC4C3508-4520-4CA3-BF36-F776FA827712}.Debug|Any CPU.ActiveCfg = Debug|Any CPU
		{FC4C3508-4520-4CA3-BF36-F776FA827712}.Debug|Any CPU.Build.0 = Debug|Any CPU
		{FC4C3508-4520-4CA3-BF36-F776FA827712}.Release|Any CPU.ActiveCfg = Release|Any CPU
		{FC4C3508-4520-4CA3-BF36-F776FA827712}.Release|Any CPU.Build.0 = Release|Any CPU
	EndGlobalSection
	GlobalSection(SolutionProperties) = preSolution
		HideSolutionNode = FALSE
	EndGlobalSection
	GlobalSection(ExtensibilityGlobals) = postSolution
		SolutionGuid = {AC53A184-D78B-4F1D-A913-DA61C4DF39BD}
	EndGlobalSection
EndGlobal
